
Microsoft Visual Studio Solution File, Format Version 12.00
# Visual Studio Version 16
VisualStudioVersion = 16.0.29209.152
MinimumVisualStudioVersion = 10.0.40219.1
Project("{FAE04EC0-301F-11D3-BF4B-00C04F79EFBC}") = "XfinityUsageMonitor", "XfinityUsageMonitor.csproj", "{16F5D823-AD4A-4C7C-AE58-A3F80D8C90A3}"
EndProject
Global
	GlobalSection(SolutionConfigurationPlatforms) = preSolution
		Debug|Any CPU = Debug|Any CPU
		Release|Any CPU = Release|Any CPU
	EndGlobalSection
	GlobalSection(ProjectConfigurationPlatforms) = postSolution
		{16F5D823-AD4A-4C7C-AE58-A3F80D8C90A3}.Debug|Any CPU.ActiveCfg = Debug|Any CPU
		{16F5D823-AD4A-4C7C-AE58-A3F80D8C90A3}.Debug|Any CPU.Build.0 = Debug|Any CPU
		{16F5D823-AD4A-4C7C-AE58-A3F80D8C90A3}.Release|Any CPU.ActiveCfg = Release|Any CPU
		{16F5D823-AD4A-4C7C-AE58-A3F80D8C90A3}.Release|Any CPU.Build.0 = Release|Any CPU
	EndGlobalSection
	GlobalSection(SolutionProperties) = preSolution
		HideSolutionNode = FALSE
	EndGlobalSection
	GlobalSection(ExtensibilityGlobals) = postSolution
		SolutionGuid = {BB07AC98-354F-4FCC-BF10-4D1131B29122}
	EndGlobalSection
EndGlobal
